// !$*UTF8*$!
{
	archiveVersion = 1;
	classes = {
	};
	objectVersion = 77;
	objects = {

/* Begin PBXContainerItemProxy section */
		C3FDE1D92D8A56EC0021DCEF /* PBXContainerItemProxy */ = {
			isa = PBXContainerItemProxy;
			containerPortal = C3FDE1BA2D8A56EA0021DCEF /* Project object */;
			proxyType = 1;
			remoteGlobalIDString = C3FDE1C12D8A56EA0021DCEF;
			remoteInfo = DBDesignPatterns;
		};
		C3FDE1E32D8A56EC0021DCEF /* PBXContainerItemProxy */ = {
			isa = PBXContainerItemProxy;
			containerPortal = C3FDE1BA2D8A56EA0021DCEF /* Project object */;
			proxyType = 1;
			remoteGlobalIDString = C3FDE1C12D8A56EA0021DCEF;
			remoteInfo = DBDesignPatterns;
		};
/* End PBXContainerItemProxy section */

/* Begin PBXFileReference section */
		C3FDE1C22D8A56EA0021DCEF /* DBDesignPatterns.app */ = {isa = PBXFileReference; explicitFileType = wrapper.application; includeInIndex = 0; path = DBDesignPatterns.app; sourceTree = BUILT_PRODUCTS_DIR; };
		C3FDE1D82D8A56EC0021DCEF /* DBDesignPatternsTests.xctest */ = {isa = PBXFileReference; explicitFileType = wrapper.cfbundle; includeInIndex = 0; path = DBDesignPatternsTests.xctest; sourceTree = BUILT_PRODUCTS_DIR; };
		C3FDE1E22D8A56EC0021DCEF /* DBDesignPatternsUITests.xctest */ = {isa = PBXFileReference; explicitFileType = wrapper.cfbundle; includeInIndex = 0; path = DBDesignPatternsUITests.xctest; sourceTree = BUILT_PRODUCTS_DIR; };
/* End PBXFileReference section */

/* Begin PBXFileSystemSynchronizedBuildFileExceptionSet section */
		C3FDE1EA2D8A56EC0021DCEF /* Exceptions for "DBDesignPatterns" folder in "DBDesignPatterns" target */ = {
			isa = PBXFileSystemSynchronizedBuildFileExceptionSet;
			membershipExceptions = (
				SupportingFiles/Info.plist,
			);
			target = C3FDE1C12D8A56EA0021DCEF /* DBDesignPatterns */;
		};
/* End PBXFileSystemSynchronizedBuildFileExceptionSet section */

/* Begin PBXFileSystemSynchronizedRootGroup section */
		C3FDE1C42D8A56EA0021DCEF /* DBDesignPatterns */ = {
			isa = PBXFileSystemSynchronizedRootGroup;
			exceptions = (
				C3FDE1EA2D8A56EC0021DCEF /* Exceptions for "DBDesignPatterns" folder in "DBDesignPatterns" target */,
			);
			path = DBDesignPatterns;
			sourceTree = "<group>";
		};
		C3FDE1DB2D8A56EC0021DCEF /* DBDesignPatternsTests */ = {
			isa = PBXFileSystemSynchronizedRootGroup;
			path = DBDesignPatternsTests;
			sourceTree = "<group>";
		};
		C3FDE1E52D8A56EC0021DCEF /* DBDesignPatternsUITests */ = {
			isa = PBXFileSystemSynchronizedRootGroup;
			path = DBDesignPatternsUITests;
			sourceTree = "<group>";
		};
/* End PBXFileSystemSynchronizedRootGroup section */

/* Begin PBXFrameworksBuildPhase section */
		C3FDE1BF2D8A56EA0021DCEF /* Frameworks */ = {
			isa = PBXFrameworksBuildPhase;
			buildActionMask = 2147483647;
			files = (
			);
			runOnlyForDeploymentPostprocessing = 0;
		};
		C3FDE1D52D8A56EC0021DCEF /* Frameworks */ = {
			isa = PBXFrameworksBuildPhase;
			buildActionMask = 2147483647;
			files = (
			);
			runOnlyForDeploymentPostprocessing = 0;
		};
		C3FDE1DF2D8A56EC0021DCEF /* Frameworks */ = {
			isa = PBXFrameworksBuildPhase;
			buildActionMask = 2147483647;
			files = (
			);
			runOnlyForDeploymentPostprocessing = 0;
		};
/* End PBXFrameworksBuildPhase section */

/* Begin PBXGroup section */
		C3FDE1B92D8A56EA0021DCEF = {
			isa = PBXGroup;
			children = (
				C3FDE1C42D8A56EA0021DCEF /* DBDesignPatterns */,
				C3FDE1DB2D8A56EC0021DCEF /* DBDesignPatternsTests */,
				C3FDE1E52D8A56EC0021DCEF /* DBDesignPatternsUITests */,
				C3FDE1C32D8A56EA0021DCEF /* Products */,
			);
			sourceTree = "<group>";
		};
		C3FDE1C32D8A56EA0021DCEF /* Products */ = {
			isa = PBXGroup;
			children = (
				C3FDE1C22D8A56EA0021DCEF /* DBDesignPatterns.app */,
				C3FDE1D82D8A56EC0021DCEF /* DBDesignPatternsTests.xctest */,
				C3FDE1E22D8A56EC0021DCEF /* DBDesignPatternsUITests.xctest */,
			);
			name = Products;
			sourceTree = "<group>";
		};
/* End PBXGroup section */

/* Begin PBXNativeTarget section */
		C3FDE1C12D8A56EA0021DCEF /* DBDesignPatterns */ = {
			isa = PBXNativeTarget;
			buildConfigurationList = C3FDE1EB2D8A56EC0021DCEF /* Build configuration list for PBXNativeTarget "DBDesignPatterns" */;
			buildPhases = (
				C3FDE1BE2D8A56EA0021DCEF /* Sources */,
				C3FDE1BF2D8A56EA0021DCEF /* Frameworks */,
				C3FDE1C02D8A56EA0021DCEF /* Resources */,
			);
			buildRules = (
			);
			dependencies = (
			);
			fileSystemSynchronizedGroups = (
				C3FDE1C42D8A56EA0021DCEF /* DBDesignPatterns */,
			);
			name = DBDesignPatterns;
			packageProductDependencies = (
			);
			productName = DBDesignPatterns;
			productReference = C3FDE1C22D8A56EA0021DCEF /* DBDesignPatterns.app */;
			productType = "com.apple.product-type.application";
		};
		C3FDE1D72D8A56EC0021DCEF /* DBDesignPatternsTests */ = {
			isa = PBXNativeTarget;
			buildConfigurationList = C3FDE1F02D8A56EC0021DCEF /* Build configuration list for PBXNativeTarget "DBDesignPatternsTests" */;
			buildPhases = (
				C3FDE1D42D8A56EC0021DCEF /* Sources */,
				C3FDE1D52D8A56EC0021DCEF /* Frameworks */,
				C3FDE1D62D8A56EC0021DCEF /* Resources */,
			);
			buildRules = (
			);
			dependencies = (
				C3FDE1DA2D8A56EC0021DCEF /* PBXTargetDependency */,
			);
			fileSystemSynchronizedGroups = (
				C3FDE1DB2D8A56EC0021DCEF /* DBDesignPatternsTests */,
			);
			name = DBDesignPatternsTests;
			packageProductDependencies = (
			);
			productName = DBDesignPatternsTests;
			productReference = C3FDE1D82D8A56EC0021DCEF /* DBDesignPatternsTests.xctest */;
			productType = "com.apple.product-type.bundle.unit-test";
		};
		C3FDE1E12D8A56EC0021DCEF /* DBDesignPatternsUITests */ = {
			isa = PBXNativeTarget;
			buildConfigurationList = C3FDE1F32D8A56EC0021DCEF /* Build configuration list for PBXNativeTarget "DBDesignPatternsUITests" */;
			buildPhases = (
				C3FDE1DE2D8A56EC0021DCEF /* Sources */,
				C3FDE1DF2D8A56EC0021DCEF /* Frameworks */,
				C3FDE1E02D8A56EC0021DCEF /* Resources */,
			);
			buildRules = (
			);
			dependencies = (
				C3FDE1E42D8A56EC0021DCEF /* PBXTargetDependency */,
			);
			fileSystemSynchronizedGroups = (
				C3FDE1E52D8A56EC0021DCEF /* DBDesignPatternsUITests */,
			);
			name = DBDesignPatternsUITests;
			packageProductDependencies = (
			);
			productName = DBDesignPatternsUITests;
			productReference = C3FDE1E22D8A56EC0021DCEF /* DBDesignPatternsUITests.xctest */;
			productType = "com.apple.product-type.bundle.ui-testing";
		};
/* End PBXNativeTarget section */

/* Begin PBXProject section */
		C3FDE1BA2D8A56EA0021DCEF /* Project object */ = {
			isa = PBXProject;
			attributes = {
				BuildIndependentTargetsInParallel = 1;
				LastSwiftUpdateCheck = 1620;
				LastUpgradeCheck = 1620;
				TargetAttributes = {
					C3FDE1C12D8A56EA0021DCEF = {
						CreatedOnToolsVersion = 16.2;
					};
					C3FDE1D72D8A56EC0021DCEF = {
						CreatedOnToolsVersion = 16.2;
						LastSwiftMigration = 1620;
						TestTargetID = C3FDE1C12D8A56EA0021DCEF;
					};
					C3FDE1E12D8A56EC0021DCEF = {
						CreatedOnToolsVersion = 16.2;
						TestTargetID = C3FDE1C12D8A56EA0021DCEF;
					};
				};
			};
			buildConfigurationList = C3FDE1BD2D8A56EA0021DCEF /* Build configuration list for PBXProject "DBDesignPatterns" */;
			developmentRegion = en;
			hasScannedForEncodings = 0;
			knownRegions = (
				en,
				Base,
			);
			mainGroup = C3FDE1B92D8A56EA0021DCEF;
			minimizedProjectReferenceProxies = 1;
			preferredProjectObjectVersion = 77;
			productRefGroup = C3FDE1C32D8A56EA0021DCEF /* Products */;
			projectDirPath = "";
			projectRoot = "";
			targets = (
				C3FDE1C12D8A56EA0021DCEF /* DBDesignPatterns */,
				C3FDE1D72D8A56EC0021DCEF /* DBDesignPatternsTests */,
				C3FDE1E12D8A56EC0021DCEF /* DBDesignPatternsUITests */,
			);
		};
/* End PBXProject section */

/* Begin PBXResourcesBuildPhase section */
		C3FDE1C02D8A56EA0021DCEF /* Resources */ = {
			isa = PBXResourcesBuildPhase;
			buildActionMask = 2147483647;
			files = (
			);
			runOnlyForDeploymentPostprocessing = 0;
		};
		C3FDE1D62D8A56EC0021DCEF /* Resources */ = {
			isa = PBXResourcesBuildPhase;
			buildActionMask = 2147483647;
			files = (
			);
			runOnlyForDeploymentPostprocessing = 0;
		};
		C3FDE1E02D8A56EC0021DCEF /* Resources */ = {
			isa = PBXResourcesBuildPhase;
			buildActionMask = 2147483647;
			files = (
			);
			runOnlyForDeploymentPostprocessing = 0;
		};
/* End PBXResourcesBuildPhase section */

/* Begin PBXSourcesBuildPhase section */
		C3FDE1BE2D8A56EA0021DCEF /* Sources */ = {
			isa = PBXSourcesBuildPhase;
			buildActionMask = 2147483647;
			files = (
			);
			runOnlyForDeploymentPostprocessing = 0;
		};
		C3FDE1D42D8A56EC0021DCEF /* Sources */ = {
			isa = PBXSourcesBuildPhase;
			buildActionMask = 2147483647;
			files = (
			);
			runOnlyForDeploymentPostprocessing = 0;
		};
		C3FDE1DE2D8A56EC0021DCEF /* Sources */ = {
			isa = PBXSourcesBuildPhase;
			buildActionMask = 2147483647;
			files = (
			);
			runOnlyForDeploymentPostprocessing = 0;
		};
/* End PBXSourcesBuildPhase section */

/* Begin PBXTargetDependency section */
		C3FDE1DA2D8A56EC0021DCEF /* PBXTargetDependency */ = {
			isa = PBXTargetDependency;
			target = C3FDE1C12D8A56EA0021DCEF /* DBDesignPatterns */;
			targetProxy = C3FDE1D92D8A56EC0021DCEF /* PBXContainerItemProxy */;
		};
		C3FDE1E42D8A56EC0021DCEF /* PBXTargetDependency */ = {
			isa = PBXTargetDependency;
			target = C3FDE1C12D8A56EA0021DCEF /* DBDesignPatterns */;
			targetProxy = C3FDE1E32D8A56EC0021DCEF /* PBXContainerItemProxy */;
		};
/* End PBXTargetDependency section */

/* Begin XCBuildConfiguration section */
		C3FDE1EC2D8A56EC0021DCEF /* Debug */ = {
			isa = XCBuildConfiguration;
			buildSettings = {
				ASSETCATALOG_COMPILER_APPICON_NAME = AppIcon;
				ASSETCATALOG_COMPILER_GLOBAL_ACCENT_COLOR_NAME = AccentColor;
				CODE_SIGN_STYLE = Automatic;
				CURRENT_PROJECT_VERSION = 1;
				DEVELOPMENT_TEAM = WT5C6TTJP5;
				GENERATE_INFOPLIST_FILE = YES;
				INFOPLIST_FILE = DBDesignPatterns/SupportingFiles/Info.plist;
				INFOPLIST_KEY_UIApplicationSupportsIndirectInputEvents = YES;
				INFOPLIST_KEY_UILaunchStoryboardName = LaunchScreen;
				INFOPLIST_KEY_UISupportedInterfaceOrientations_iPad = "UIInterfaceOrientationPortrait UIInterfaceOrientationPortraitUpsideDown UIInterfaceOrientationLandscapeLeft UIInterfaceOrientationLandscapeRight";
				INFOPLIST_KEY_UISupportedInterfaceOrientations_iPhone = "UIInterfaceOrientationPortrait UIInterfaceOrientationLandscapeLeft UIInterfaceOrientationLandscapeRight";
				LD_RUNPATH_SEARCH_PATHS = (
					"$(inherited)",
					"@executable_path/Frameworks",
				);
				MARKETING_VERSION = 1.0;
				PRODUCT_BUNDLE_IDENTIFIER = com.github.anagumo.DBDesignPatterns;
				PRODUCT_NAME = "$(TARGET_NAME)";
				SUPPORTED_PLATFORMS = "iphoneos iphonesimulator";
				SUPPORTS_MACCATALYST = NO;
				SUPPORTS_MAC_DESIGNED_FOR_IPHONE_IPAD = NO;
				SUPPORTS_XR_DESIGNED_FOR_IPHONE_IPAD = NO;
				SWIFT_EMIT_LOC_STRINGS = YES;
				SWIFT_VERSION = 5.0;
				TARGETED_DEVICE_FAMILY = "1,2";
			};
			name = Debug;
		};
		C3FDE1ED2D8A56EC0021DCEF /* Release */ = {
			isa = XCBuildConfiguration;
			buildSettings = {
				ASSETCATALOG_COMPILER_APPICON_NAME = AppIcon;
				ASSETCATALOG_COMPILER_GLOBAL_ACCENT_COLOR_NAME = AccentColor;
				CODE_SIGN_STYLE = Automatic;
				CURRENT_PROJECT_VERSION = 1;
				DEVELOPMENT_TEAM = WT5C6TTJP5;
				GENERATE_INFOPLIST_FILE = YES;
				INFOPLIST_FILE = DBDesignPatterns/SupportingFiles/Info.plist;
				INFOPLIST_KEY_UIApplicationSupportsIndirectInputEvents = YES;
				INFOPLIST_KEY_UILaunchStoryboardName = LaunchScreen;
				INFOPLIST_KEY_UISupportedInterfaceOrientations_iPad = "UIInterfaceOrientationPortrait UIInterfaceOrientationPortraitUpsideDown UIInterfaceOrientationLandscapeLeft UIInterfaceOrientationLandscapeRight";
				INFOPLIST_KEY_UISupportedInterfaceOrientations_iPhone = "UIInterfaceOrientationPortrait UIInterfaceOrientationLandscapeLeft UIInterfaceOrientationLandscapeRight";
				LD_RUNPATH_SEARCH_PATHS = (
					"$(inherited)",
					"@executable_path/Frameworks",
				);
				MARKETING_VERSION = 1.0;
				PRODUCT_BUNDLE_IDENTIFIER = com.github.anagumo.DBDesignPatterns;
				PRODUCT_NAME = "$(TARGET_NAME)";
				SUPPORTED_PLATFORMS = "iphoneos iphonesimulator";
				SUPPORTS_MACCATALYST = NO;
				SUPPORTS_MAC_DESIGNED_FOR_IPHONE_IPAD = NO;
				SUPPORTS_XR_DESIGNED_FOR_IPHONE_IPAD = NO;
				SWIFT_EMIT_LOC_STRINGS = YES;
				SWIFT_VERSION = 5.0;
				TARGETED_DEVICE_FAMILY = "1,2";
			};
			name = Release;
		};
		C3FDE1EE2D8A56EC0021DCEF /* Debug */ = {
			isa = XCBuildConfiguration;
			buildSettings = {
				ALWAYS_SEARCH_USER_PATHS = NO;
				ASSETCATALOG_COMPILER_GENERATE_SWIFT_ASSET_SYMBOL_EXTENSIONS = YES;
				CLANG_ANALYZER_NONNULL = YES;
				CLANG_ANALYZER_NUMBER_OBJECT_CONVERSION = YES_AGGRESSIVE;
				CLANG_CXX_LANGUAGE_STANDARD = "gnu++20";
				CLANG_ENABLE_MODULES = YES;
				CLANG_ENABLE_OBJC_ARC = YES;
				CLANG_ENABLE_OBJC_WEAK = YES;
				CLANG_WARN_BLOCK_CAPTURE_AUTORELEASING = YES;
				CLANG_WARN_BOOL_CONVERSION = YES;
				CLANG_WARN_COMMA = YES;
				CLANG_WARN_CONSTANT_CONVERSION = YES;
				CLANG_WARN_DEPRECATED_OBJC_IMPLEMENTATIONS = YES;
				CLANG_WARN_DIRECT_OBJC_ISA_USAGE = YES_ERROR;
				CLANG_WARN_DOCUMENTATION_COMMENTS = YES;
				CLANG_WARN_EMPTY_BODY = YES;
				CLANG_WARN_ENUM_CONVERSION = YES;
				CLANG_WARN_INFINITE_RECURSION = YES;
				CLANG_WARN_INT_CONVERSION = YES;
				CLANG_WARN_NON_LITERAL_NULL_CONVERSION = YES;
				CLANG_WARN_OBJC_IMPLICIT_RETAIN_SELF = YES;
				CLANG_WARN_OBJC_LITERAL_CONVERSION = YES;
				CLANG_WARN_OBJC_ROOT_CLASS = YES_ERROR;
				CLANG_WARN_QUOTED_INCLUDE_IN_FRAMEWORK_HEADER = YES;
				CLANG_WARN_RANGE_LOOP_ANALYSIS = YES;
				CLANG_WARN_STRICT_PROTOTYPES = YES;
				CLANG_WARN_SUSPICIOUS_MOVE = YES;
				CLANG_WARN_UNGUARDED_AVAILABILITY = YES_AGGRESSIVE;
				CLANG_WARN_UNREACHABLE_CODE = YES;
				CLANG_WARN__DUPLICATE_METHOD_MATCH = YES;
				COPY_PHASE_STRIP = NO;
				DEBUG_INFORMATION_FORMAT = dwarf;
				ENABLE_STRICT_OBJC_MSGSEND = YES;
				ENABLE_TESTABILITY = YES;
				ENABLE_USER_SCRIPT_SANDBOXING = YES;
				GCC_C_LANGUAGE_STANDARD = gnu17;
				GCC_DYNAMIC_NO_PIC = NO;
				GCC_NO_COMMON_BLOCKS = YES;
				GCC_OPTIMIZATION_LEVEL = 0;
				GCC_PREPROCESSOR_DEFINITIONS = (
					"DEBUG=1",
					"$(inherited)",
				);
				GCC_WARN_64_TO_32_BIT_CONVERSION = YES;
				GCC_WARN_ABOUT_RETURN_TYPE = YES_ERROR;
				GCC_WARN_UNDECLARED_SELECTOR = YES;
				GCC_WARN_UNINITIALIZED_AUTOS = YES_AGGRESSIVE;
				GCC_WARN_UNUSED_FUNCTION = YES;
				GCC_WARN_UNUSED_VARIABLE = YES;
				IPHONEOS_DEPLOYMENT_TARGET = 18.2;
				LOCALIZATION_PREFERS_STRING_CATALOGS = YES;
				MTL_ENABLE_DEBUG_INFO = INCLUDE_SOURCE;
				MTL_FAST_MATH = YES;
				ONLY_ACTIVE_ARCH = YES;
				SDKROOT = iphoneos;
				SWIFT_ACTIVE_COMPILATION_CONDITIONS = "DEBUG $(inherited)";
				SWIFT_OPTIMIZATION_LEVEL = "-Onone";
			};
			name = Debug;
		};
		C3FDE1EF2D8A56EC0021DCEF /* Release */ = {
			isa = XCBuildConfiguration;
			buildSettings = {
				ALWAYS_SEARCH_USER_PATHS = NO;
				ASSETCATALOG_COMPILER_GENERATE_SWIFT_ASSET_SYMBOL_EXTENSIONS = YES;
				CLANG_ANALYZER_NONNULL = YES;
				CLANG_ANALYZER_NUMBER_OBJECT_CONVERSION = YES_AGGRESSIVE;
				CLANG_CXX_LANGUAGE_STANDARD = "gnu++20";
				CLANG_ENABLE_MODULES = YES;
				CLANG_ENABLE_OBJC_ARC = YES;
				CLANG_ENABLE_OBJC_WEAK = YES;
				CLANG_WARN_BLOCK_CAPTURE_AUTORELEASING = YES;
				CLANG_WARN_BOOL_CONVERSION = YES;
				CLANG_WARN_COMMA = YES;
				CLANG_WARN_CONSTANT_CONVERSION = YES;
				CLANG_WARN_DEPRECATED_OBJC_IMPLEMENTATIONS = YES;
				CLANG_WARN_DIRECT_OBJC_ISA_USAGE = YES_ERROR;
				CLANG_WARN_DOCUMENTATION_COMMENTS = YES;
				CLANG_WARN_EMPTY_BODY = YES;
				CLANG_WARN_ENUM_CONVERSION = YES;
				CLANG_WARN_INFINITE_RECURSION = YES;
				CLANG_WARN_INT_CONVERSION = YES;
				CLANG_WARN_NON_LITERAL_NULL_CONVERSION = YES;
				CLANG_WARN_OBJC_IMPLICIT_RETAIN_SELF = YES;
				CLANG_WARN_OBJC_LITERAL_CONVERSION = YES;
				CLANG_WARN_OBJC_ROOT_CLASS = YES_ERROR;
				CLANG_WARN_QUOTED_INCLUDE_IN_FRAMEWORK_HEADER = YES;
				CLANG_WARN_RANGE_LOOP_ANALYSIS = YES;
				CLANG_WARN_STRICT_PROTOTYPES = YES;
				CLANG_WARN_SUSPICIOUS_MOVE = YES;
				CLANG_WARN_UNGUARDED_AVAILABILITY = YES_AGGRESSIVE;
				CLANG_WARN_UNREACHABLE_CODE = YES;
				CLANG_WARN__DUPLICATE_METHOD_MATCH = YES;
				COPY_PHASE_STRIP = NO;
				DEBUG_INFORMATION_FORMAT = "dwarf-with-dsym";
				ENABLE_NS_ASSERTIONS = NO;
				ENABLE_STRICT_OBJC_MSGSEND = YES;
				ENABLE_USER_SCRIPT_SANDBOXING = YES;
				GCC_C_LANGUAGE_STANDARD = gnu17;
				GCC_NO_COMMON_BLOCKS = YES;
				GCC_WARN_64_TO_32_BIT_CONVERSION = YES;
				GCC_WARN_ABOUT_RETURN_TYPE = YES_ERROR;
				GCC_WARN_UNDECLARED_SELECTOR = YES;
				GCC_WARN_UNINITIALIZED_AUTOS = YES_AGGRESSIVE;
				GCC_WARN_UNUSED_FUNCTION = YES;
				GCC_WARN_UNUSED_VARIABLE = YES;
				IPHONEOS_DEPLOYMENT_TARGET = 18.2;
				LOCALIZATION_PREFERS_STRING_CATALOGS = YES;
				MTL_ENABLE_DEBUG_INFO = NO;
				MTL_FAST_MATH = YES;
				SDKROOT = iphoneos;
				SWIFT_COMPILATION_MODE = wholemodule;
				VALIDATE_PRODUCT = YES;
			};
			name = Release;
		};
		C3FDE1F12D8A56EC0021DCEF /* Debug */ = {
			isa = XCBuildConfiguration;
			buildSettings = {
				BUNDLE_LOADER = "$(TEST_HOST)";
				CLANG_ENABLE_MODULES = YES;
				CODE_SIGN_STYLE = Automatic;
				CURRENT_PROJECT_VERSION = 1;
				DEVELOPMENT_TEAM = WT5C6TTJP5;
				GENERATE_INFOPLIST_FILE = YES;
				IPHONEOS_DEPLOYMENT_TARGET = 18.2;
				MARKETING_VERSION = 1.0;
				PRODUCT_BUNDLE_IDENTIFIER = com.github.anagumo.DBDesignPatternsTests;
				PRODUCT_NAME = "$(TARGET_NAME)";
				SWIFT_EMIT_LOC_STRINGS = NO;
				SWIFT_OPTIMIZATION_LEVEL = "-Onone";
				SWIFT_VERSION = 5.0;
				TARGETED_DEVICE_FAMILY = "1,2";
				TEST_HOST = "$(BUILT_PRODUCTS_DIR)/DBDesignPatterns.app/$(BUNDLE_EXECUTABLE_FOLDER_PATH)/DBDesignPatterns";
			};
			name = Debug;
		};
		C3FDE1F22D8A56EC0021DCEF /* Release */ = {
			isa = XCBuildConfiguration;
			buildSettings = {
				BUNDLE_LOADER = "$(TEST_HOST)";
				CLANG_ENABLE_MODULES = YES;
				CODE_SIGN_STYLE = Automatic;
				CURRENT_PROJECT_VERSION = 1;
				DEVELOPMENT_TEAM = WT5C6TTJP5;
				GENERATE_INFOPLIST_FILE = YES;
				IPHONEOS_DEPLOYMENT_TARGET = 18.2;
				MARKETING_VERSION = 1.0;
				PRODUCT_BUNDLE_IDENTIFIER = com.github.anagumo.DBDesignPatternsTests;
				PRODUCT_NAME = "$(TARGET_NAME)";
				SWIFT_EMIT_LOC_STRINGS = NO;
				SWIFT_VERSION = 5.0;
				TARGETED_DEVICE_FAMILY = "1,2";
				TEST_HOST = "$(BUILT_PRODUCTS_DIR)/DBDesignPatterns.app/$(BUNDLE_EXECUTABLE_FOLDER_PATH)/DBDesignPatterns";
			};
			name = Release;
		};
		C3FDE1F42D8A56EC0021DCEF /* Debug */ = {
			isa = XCBuildConfiguration;
			buildSettings = {
				CODE_SIGN_STYLE = Automatic;
				CURRENT_PROJECT_VERSION = 1;
				DEVELOPMENT_TEAM = WT5C6TTJP5;
				GENERATE_INFOPLIST_FILE = YES;
				MARKETING_VERSION = 1.0;
				PRODUCT_BUNDLE_IDENTIFIER = com.github.anagumo.DBDesignPatternsUITests;
				PRODUCT_NAME = "$(TARGET_NAME)";
				SWIFT_EMIT_LOC_STRINGS = NO;
				SWIFT_VERSION = 5.0;
				TARGETED_DEVICE_FAMILY = "1,2";
				TEST_TARGET_NAME = DBDesignPatterns;
			};
			name = Debug;
		};
		C3FDE1F52D8A56EC0021DCEF /* Release */ = {
			isa = XCBuildConfiguration;
			buildSettings = {
				CODE_SIGN_STYLE = Automatic;
				CURRENT_PROJECT_VERSION = 1;
				DEVELOPMENT_TEAM = WT5C6TTJP5;
				GENERATE_INFOPLIST_FILE = YES;
				MARKETING_VERSION = 1.0;
				PRODUCT_BUNDLE_IDENTIFIER = com.github.anagumo.DBDesignPatternsUITests;
				PRODUCT_NAME = "$(TARGET_NAME)";
				SWIFT_EMIT_LOC_STRINGS = NO;
				SWIFT_VERSION = 5.0;
				TARGETED_DEVICE_FAMILY = "1,2";
				TEST_TARGET_NAME = DBDesignPatterns;
			};
			name = Release;
		};
/* End XCBuildConfiguration section */

/* Begin XCConfigurationList section */
		C3FDE1BD2D8A56EA0021DCEF /* Build configuration list for PBXProject "DBDesignPatterns" */ = {
			isa = XCConfigurationList;
			buildConfigurations = (
				C3FDE1EE2D8A56EC0021DCEF /* Debug */,
				C3FDE1EF2D8A56EC0021DCEF /* Release */,
			);
			defaultConfigurationIsVisible = 0;
			defaultConfigurationName = Release;
		};
		C3FDE1EB2D8A56EC0021DCEF /* Build configuration list for PBXNativeTarget "DBDesignPatterns" */ = {
			isa = XCConfigurationList;
			buildConfigurations = (
				C3FDE1EC2D8A56EC0021DCEF /* Debug */,
				C3FDE1ED2D8A56EC0021DCEF /* Release */,
			);
			defaultConfigurationIsVisible = 0;
			defaultConfigurationName = Release;
		};
		C3FDE1F02D8A56EC0021DCEF /* Build configuration list for PBXNativeTarget "DBDesignPatternsTests" */ = {
			isa = XCConfigurationList;
			buildConfigurations = (
				C3FDE1F12D8A56EC0021DCEF /* Debug */,
				C3FDE1F22D8A56EC0021DCEF /* Release */,
			);
			defaultConfigurationIsVisible = 0;
			defaultConfigurationName = Release;
		};
		C3FDE1F32D8A56EC0021DCEF /* Build configuration list for PBXNativeTarget "DBDesignPatternsUITests" */ = {
			isa = XCConfigurationList;
			buildConfigurations = (
				C3FDE1F42D8A56EC0021DCEF /* Debug */,
				C3FDE1F52D8A56EC0021DCEF /* Release */,
			);
			defaultConfigurationIsVisible = 0;
			defaultConfigurationName = Release;
		};
/* End XCConfigurationList section */
	};
	rootObject = C3FDE1BA2D8A56EA0021DCEF /* Project object */;
}
